
Microsoft Visual Studio Solution File, Format Version 12.00
# Visual Studio Version 17
VisualStudioVersion = 17.13.35806.99 d17.13
MinimumVisualStudioVersion = 10.0.40219.1
Project("{FAE04EC0-301F-11D3-BF4B-00C04F79EFBC}") = "RestaurantMgmtApp", "RestaurantMgmtApp\RestaurantMgmtApp.csproj", "{BE5F1E5D-FD5E-49BE-B661-234F57E7D8EB}"
EndProject
Global
	GlobalSection(SolutionConfigurationPlatforms) = preSolution
		Debug|Any CPU = Debug|Any CPU
		Release|Any CPU = Release|Any CPU
	EndGlobalSection
	GlobalSection(ProjectConfigurationPlatforms) = postSolution
		{BE5F1E5D-FD5E-49BE-B661-234F57E7D8EB}.Debug|Any CPU.ActiveCfg = Debug|Any CPU
		{BE5F1E5D-FD5E-49BE-B661-234F57E7D8EB}.Debug|Any CPU.Build.0 = Debug|Any CPU
		{BE5F1E5D-FD5E-49BE-B661-234F57E7D8EB}.Release|Any CPU.ActiveCfg = Release|Any CPU
		{BE5F1E5D-FD5E-49BE-B661-234F57E7D8EB}.Release|Any CPU.Build.0 = Release|Any CPU
	EndGlobalSection
	GlobalSection(SolutionProperties) = preSolution
		HideSolutionNode = FALSE
	EndGlobalSection
	GlobalSection(ExtensibilityGlobals) = postSolution
		SolutionGuid = {B78A53C2-158C-4982-ADC0-07816A9BCA64}
	EndGlobalSection
EndGlobal
